
Microsoft Visual Studio Solution File, Format Version 12.00
# Visual Studio Version 17
VisualStudioVersion = 17.5.33516.290
MinimumVisualStudioVersion = 10.0.40219.1
Project("{FAE04EC0-301F-11D3-BF4B-00C04F79EFBC}") = "OOP17_Synenko", "OOP17_Synenko\OOP17_Synenko.csproj", "{A8046C67-3486-4485-8866-258A5570A956}"
EndProject
Global
	GlobalSection(SolutionConfigurationPlatforms) = preSolution
		Debug|Any CPU = Debug|Any CPU
		Release|Any CPU = Release|Any CPU
	EndGlobalSection
	GlobalSection(ProjectConfigurationPlatforms) = postSolution
		{A8046C67-3486-4485-8866-258A5570A956}.Debug|Any CPU.ActiveCfg = Debug|Any CPU
		{A8046C67-3486-4485-8866-258A5570A956}.Debug|Any CPU.Build.0 = Debug|Any CPU
		{A8046C67-3486-4485-8866-258A5570A956}.Release|Any CPU.ActiveCfg = Release|Any CPU
		{A8046C67-3486-4485-8866-258A5570A956}.Release|Any CPU.Build.0 = Release|Any CPU
	EndGlobalSection
	GlobalSection(SolutionProperties) = preSolution
		HideSolutionNode = FALSE
	EndGlobalSection
	GlobalSection(ExtensibilityGlobals) = postSolution
		SolutionGuid = {F966430A-B420-48BB-876F-B1F83AD8012D}
	EndGlobalSection
EndGlobal
